
Microsoft Visual Studio Solution File, Format Version 12.00
# Visual Studio 15
VisualStudioVersion = 15.0.28307.329
MinimumVisualStudioVersion = 10.0.40219.1
Project("{FAE04EC0-301F-11D3-BF4B-00C04F79EFBC}") = "WebApplication1", "WebApplication1\WebApplication1.csproj", "{D0BE5108-441F-49F9-9ADA-DE3192EA43AB}"
EndProject
Global
	GlobalSection(SolutionConfigurationPlatforms) = preSolution
		Debug|Any CPU = Debug|Any CPU
		Release|Any CPU = Release|Any CPU
	EndGlobalSection
	GlobalSection(ProjectConfigurationPlatforms) = postSolution
		{D0BE5108-441F-49F9-9ADA-DE3192EA43AB}.Debug|Any CPU.ActiveCfg = Debug|Any CPU
		{D0BE5108-441F-49F9-9ADA-DE3192EA43AB}.Debug|Any CPU.Build.0 = Debug|Any CPU
		{D0BE5108-441F-49F9-9ADA-DE3192EA43AB}.Release|Any CPU.ActiveCfg = Release|Any CPU
		{D0BE5108-441F-49F9-9ADA-DE3192EA43AB}.Release|Any CPU.Build.0 = Release|Any CPU
	EndGlobalSection
	GlobalSection(SolutionProperties) = preSolution
		HideSolutionNode = FALSE
	EndGlobalSection
	GlobalSection(ExtensibilityGlobals) = postSolution
		SolutionGuid = {8DC53BE2-B599-4669-8FB3-D0178A011144}
	EndGlobalSection
EndGlobal
